<?xml version="1.0" encoding="utf-8"?>
<Project ToolsVersion="4.0" xmlns="http://schemas.microsoft.com/developer/msbuild/2003">
  <ItemGroup>
    <Filter Include="Quelldateien">
      <UniqueIdentifier>{4FC737F1-C7A5-4376-A066-2A32D752A2FF}</UniqueIdentifier>
      <Extensions>cpp;c;cc;cxx;def;odl;idl;hpj;bat;asm;asmx</Extensions>
    </Filter>
    <Filter Include="Headerdateien">
      <UniqueIdentifier>{93995380-89BD-4b04-88EB-625FBE52EBFB}</UniqueIdentifier>
      <Extensions>h;hh;hpp;hxx;hm;inl;inc;xsd</Extensions>
    </Filter>
    <Filter Include="Ressourcendateien">
      <UniqueIdentifier>{67DA6AB6-F800-4c08-8B7A-83BB121AAD01}</UniqueIdentifier>
      <Extensions>rc;ico;cur;bmp;dlg;rc2;rct;bin;rgs;gif;jpg;jpeg;jpe;resx;tiff;tif;png;wav;mfcribbon-ms</Extensions>
    </Filter>
    <Filter Include="Quelldateien\emulator_win32">
      <UniqueIdentifier>{675bd313-d41b-470b-b887-97499b3a4451}</UniqueIdentifier>
    </Filter>
    <Filter Include="Headerdateien\emulator_win32">
      <UniqueIdentifier>{30757b1b-1c0c-4029-be33-1610540937e2}</UniqueIdentifier>
    </Filter>
    <Filter Include="Headerdateien\hal">
      <UniqueIdentifier>{6da0b5ee-e27d-4e63-81fc-1800b5de4c6e}</UniqueIdentifier>
    </Filter>
    <Filter Include="Quelldateien\hal">
      <UniqueIdentifier>{fd8cb07e-6232-4595-b2d6-5811a7398b47}</UniqueIdentifier>
    </Filter>
    <Filter Include="Quelldateien\common">
      <UniqueIdentifier>{542bac33-7bad-4b68-89ea-af4340f25231}</UniqueIdentifier>
    </Filter>
    <Filter Include="Headerdateien\common">
      <UniqueIdentifier>{ee0a4122-d222-46c8-93d7-49f681a9c66d}</UniqueIdentifier>
    </Filter>
    <Filter Include="Quelldateien\common\embedded-midilib">
      <UniqueIdentifier>{bb5e2795-6352-4641-b169-e99663c16480}</UniqueIdentifier>
    </Filter>
    <Filter Include="Headerdateien\common\embedded-midilib">
      <UniqueIdentifier>{1a1df41e-a1b6-476e-be62-918e4cef8b30}</UniqueIdentifier>
    </Filter>
  </ItemGroup>
  <ItemGroup>
    <ClCompile Include="emulator_win32\Skinned Window\SkinnedWindow.cpp">
      <Filter>Quelldateien\emulator_win32</Filter>
    </ClCompile>
    <ClCompile Include="emulator_win32\guicon.cpp">
      <Filter>Quelldateien\emulator_win32</Filter>
    </ClCompile>
    <ClCompile Include="emulator_win32\main.cpp">
      <Filter>Quelldateien\emulator_win32</Filter>
    </ClCompile>
    <ClCompile Include="hal\hal_display_win32.c">
      <Filter>Quelldateien\hal</Filter>
    </ClCompile>
    <ClCompile Include="hal\hal_filesystem_win32.c">
      <Filter>Quelldateien\hal</Filter>
    </ClCompile>
    <ClCompile Include="hal\hal_gamepad_win32.c">
      <Filter>Quelldateien\hal</Filter>
    </ClCompile>
    <ClCompile Include="common\AsciiLib\AsciiLib.c">
      <Filter>Quelldateien\common</Filter>
    </ClCompile>
    <ClCompile Include="common\floppyorgel_system.c">
      <Filter>Quelldateien\common</Filter>
    </ClCompile>
    <ClCompile Include="common\embedded-midilib\hal_midiplayer_win32.c">
      <Filter>Quelldateien\common\embedded-midilib</Filter>
    </ClCompile>
    <ClCompile Include="common\embedded-midilib\midifile.c">
      <Filter>Quelldateien\common\embedded-midilib</Filter>
    </ClCompile>
    <ClCompile Include="common\embedded-midilib\midiplayer.c">
      <Filter>Quelldateien\common\embedded-midilib</Filter>
    </ClCompile>
    <ClCompile Include="common\embedded-midilib\midiutil.c">
      <Filter>Quelldateien\common\embedded-midilib</Filter>
    </ClCompile>
    <ClCompile Include="common\menu.c">
      <Filter>Quelldateien\common</Filter>
    </ClCompile>
  </ItemGroup>
  <ItemGroup>
    <ClInclude Include="emulator_win32\guicon.h">
      <Filter>Headerdateien\emulator_win32</Filter>
    </ClInclude>
    <ClInclude Include="emulator_win32\main.h">
      <Filter>Headerdateien\emulator_win32</Filter>
    </ClInclude>
    <ClInclude Include="emulator_win32\Skinned Window\SkinnedWindow.h">
      <Filter>Headerdateien\emulator_win32</Filter>
    </ClInclude>
    <ClInclude Include="hal\hal_display.h">
      <Filter>Headerdateien\hal</Filter>
    </ClInclude>
    <ClInclude Include="hal\hal_filesystem.h">
      <Filter>Headerdateien\hal</Filter>
    </ClInclude>
    <ClInclude Include="hal\hal_gamepad.h">
      <Filter>Headerdateien\hal</Filter>
    </ClInclude>
    <ClInclude Include="emulator_win32\ressources\resource.h">
      <Filter>Ressourcendateien</Filter>
    </ClInclude>
    <ClInclude Include="common\config.h">
      <Filter>Headerdateien\common</Filter>
    </ClInclude>
    <ClInclude Include="common\floppyorgel_system.h">
      <Filter>Headerdateien\common</Filter>
    </ClInclude>
    <ClInclude Include="common\AsciiLib\AsciiLib.h">
      <Filter>Headerdateien\common</Filter>
    </ClInclude>
    <ClInclude Include="common\embedded-midilib\hal_midiplayer_win32.h">
      <Filter>Headerdateien\common\embedded-midilib</Filter>
    </ClInclude>
    <ClInclude Include="common\embedded-midilib\midifile.h">
      <Filter>Headerdateien\common\embedded-midilib</Filter>
    </ClInclude>
    <ClInclude Include="common\embedded-midilib\midiplayer.h">
      <Filter>Headerdateien\common\embedded-midilib</Filter>
    </ClInclude>
    <ClInclude Include="common\embedded-midilib\midiutil.h">
      <Filter>Headerdateien\common\embedded-midilib</Filter>
    </ClInclude>
    <ClInclude Include="common\menu.h">
      <Filter>Headerdateien\common</Filter>
    </ClInclude>
  </ItemGroup>
  <ItemGroup>
    <ResourceCompile Include="emulator_win32\ressources\Resource.rc">
      <Filter>Ressourcendateien</Filter>
    </ResourceCompile>
  </ItemGroup>
  <ItemGroup>
    <Image Include="emulator_win32\ressources\Skin.bmp">
      <Filter>Ressourcendateien</Filter>
    </Image>
  </ItemGroup>
  <ItemGroup>
    <None Include="emulator_win32\ressources\Skin.rgn">
      <Filter>Ressourcendateien</Filter>
    </None>
  </ItemGroup>
</Project>