<?xml version="1.0" encoding="utf-8"?>
<Project ToolsVersion="4.0" xmlns="http://schemas.microsoft.com/developer/msbuild/2003">
  <ItemGroup>
    <Filter Include="Quelldateien">
      <UniqueIdentifier>{4FC737F1-C7A5-4376-A066-2A32D752A2FF}</UniqueIdentifier>
      <Extensions>cpp;c;cc;cxx;def;odl;idl;hpj;bat;asm;asmx</Extensions>
    </Filter>
    <Filter Include="Headerdateien">
      <UniqueIdentifier>{93995380-89BD-4b04-88EB-625FBE52EBFB}</UniqueIdentifier>
      <Extensions>h;hh;hpp;hxx;hm;inl;inc;xsd</Extensions>
    </Filter>
    <Filter Include="Ressourcendateien">
      <UniqueIdentifier>{67DA6AB6-F800-4c08-8B7A-83BB121AAD01}</UniqueIdentifier>
      <Extensions>rc;ico;cur;bmp;dlg;rc2;rct;bin;rgs;gif;jpg;jpeg;jpe;resx;tiff;tif;png;wav;mfcribbon-ms</Extensions>
    </Filter>
    <Filter Include="Headerdateien\hal_win32">
      <UniqueIdentifier>{2be89680-1aa3-4ac5-939c-920581ff25dd}</UniqueIdentifier>
    </Filter>
    <Filter Include="Quelldateien\hal_win32">
      <UniqueIdentifier>{fd8cb07e-6232-4595-b2d6-5811a7398b47}</UniqueIdentifier>
    </Filter>
    <Filter Include="Quelldateien\emulator_win32">
      <UniqueIdentifier>{675bd313-d41b-470b-b887-97499b3a4451}</UniqueIdentifier>
    </Filter>
    <Filter Include="Headerdateien\emulator_win32">
      <UniqueIdentifier>{30757b1b-1c0c-4029-be33-1610540937e2}</UniqueIdentifier>
    </Filter>
    <Filter Include="Quelldateien\embedded-midilib">
      <UniqueIdentifier>{72fb29ca-6168-4ca6-b65c-2c2f4d911126}</UniqueIdentifier>
    </Filter>
    <Filter Include="Headerdateien\embedded-midilib">
      <UniqueIdentifier>{8a2944ac-5bab-4cbd-b9f1-c60760ebbdfc}</UniqueIdentifier>
    </Filter>
  </ItemGroup>
  <ItemGroup>
    <ClCompile Include="floppyorgel_system.c">
      <Filter>Quelldateien</Filter>
    </ClCompile>
    <ClCompile Include="..\AsciiLib\AsciiLib.c">
      <Filter>Quelldateien</Filter>
    </ClCompile>
    <ClCompile Include="hal_filesystem_emu.c">
      <Filter>Quelldateien\hal_win32</Filter>
    </ClCompile>
    <ClCompile Include="hal_gamepad_emu.c">
      <Filter>Quelldateien\hal_win32</Filter>
    </ClCompile>
    <ClCompile Include="hal_gui_emu.c">
      <Filter>Quelldateien\hal_win32</Filter>
    </ClCompile>
    <ClCompile Include="guicon.cpp">
      <Filter>Quelldateien\emulator_win32</Filter>
    </ClCompile>
    <ClCompile Include="..\Skinned Window\SkinnedWindow.cpp">
      <Filter>Quelldateien\emulator_win32</Filter>
    </ClCompile>
    <ClCompile Include="main.cpp">
      <Filter>Quelldateien\emulator_win32</Filter>
    </ClCompile>
    <ClCompile Include="embedded-midilib\midiplayer.c">
      <Filter>Quelldateien\embedded-midilib</Filter>
    </ClCompile>
    <ClCompile Include="embedded-midilib\midifile.c">
      <Filter>Quelldateien\embedded-midilib</Filter>
    </ClCompile>
    <ClCompile Include="embedded-midilib\midiutil.c">
      <Filter>Quelldateien\embedded-midilib</Filter>
    </ClCompile>
    <ClCompile Include="embedded-midilib\hal_midiplayer_windows.c">
      <Filter>Quelldateien\embedded-midilib</Filter>
    </ClCompile>
  </ItemGroup>
  <ItemGroup>
    <ClInclude Include="resource.h">
      <Filter>Ressourcendateien</Filter>
    </ClInclude>
    <ClInclude Include="floppyorgel_system.h">
      <Filter>Headerdateien</Filter>
    </ClInclude>
    <ClInclude Include="config.h">
      <Filter>Headerdateien</Filter>
    </ClInclude>
    <ClInclude Include="..\AsciiLib\AsciiLib.h">
      <Filter>Headerdateien</Filter>
    </ClInclude>
    <ClInclude Include="hal_filesystem.h">
      <Filter>Headerdateien\hal_win32</Filter>
    </ClInclude>
    <ClInclude Include="hal_gamepad.h">
      <Filter>Headerdateien\hal_win32</Filter>
    </ClInclude>
    <ClInclude Include="hal_gui.h">
      <Filter>Headerdateien\hal_win32</Filter>
    </ClInclude>
    <ClInclude Include="..\Skinned Window\SkinnedWindow.h">
      <Filter>Headerdateien\emulator_win32</Filter>
    </ClInclude>
    <ClInclude Include="guicon.h">
      <Filter>Headerdateien\emulator_win32</Filter>
    </ClInclude>
    <ClInclude Include="main.h">
      <Filter>Headerdateien\emulator_win32</Filter>
    </ClInclude>
    <ClInclude Include="embedded-midilib\midiplayer.h">
      <Filter>Headerdateien\embedded-midilib</Filter>
    </ClInclude>
    <ClInclude Include="embedded-midilib\hal_midiplayer_windows.h">
      <Filter>Headerdateien\embedded-midilib</Filter>
    </ClInclude>
    <ClInclude Include="embedded-midilib\midifile.h">
      <Filter>Headerdateien\embedded-midilib</Filter>
    </ClInclude>
    <ClInclude Include="embedded-midilib\midiutil.h">
      <Filter>Headerdateien\embedded-midilib</Filter>
    </ClInclude>
  </ItemGroup>
  <ItemGroup>
    <ResourceCompile Include="Resource.rc">
      <Filter>Ressourcendateien</Filter>
    </ResourceCompile>
  </ItemGroup>
  <ItemGroup>
    <Image Include="..\ressources\Skin.bmp">
      <Filter>Ressourcendateien</Filter>
    </Image>
  </ItemGroup>
  <ItemGroup>
    <None Include="..\ressources\Skin.rgn">
      <Filter>Ressourcendateien</Filter>
    </None>
  </ItemGroup>
</Project>